
Microsoft Visual Studio Solution File, Format Version 12.00
# Visual Studio Version 16
VisualStudioVersion = 16.0.29326.143
MinimumVisualStudioVersion = 10.0.40219.1
Project("{FAE04EC0-301F-11D3-BF4B-00C04F79EFBC}") = "Carrents_web", "Carrents_web\Carrents_web.csproj", "{66CAC761-EE76-42D7-B631-1E3EE2D5D14F}"
EndProject
Global
	GlobalSection(SolutionConfigurationPlatforms) = preSolution
		Debug|Any CPU = Debug|Any CPU
		Release|Any CPU = Release|Any CPU
	EndGlobalSection
	GlobalSection(ProjectConfigurationPlatforms) = postSolution
		{66CAC761-EE76-42D7-B631-1E3EE2D5D14F}.Debug|Any CPU.ActiveCfg = Debug|Any CPU
		{66CAC761-EE76-42D7-B631-1E3EE2D5D14F}.Debug|Any CPU.Build.0 = Debug|Any CPU
		{66CAC761-EE76-42D7-B631-1E3EE2D5D14F}.Release|Any CPU.ActiveCfg = Release|Any CPU
		{66CAC761-EE76-42D7-B631-1E3EE2D5D14F}.Release|Any CPU.Build.0 = Release|Any CPU
	EndGlobalSection
	GlobalSection(SolutionProperties) = preSolution
		HideSolutionNode = FALSE
	EndGlobalSection
	GlobalSection(ExtensibilityGlobals) = postSolution
		SolutionGuid = {39CA5D08-AEBF-4938-B4F7-E980B408D9FD}
	EndGlobalSection
EndGlobal
